
Microsoft Visual Studio Solution File, Format Version 12.00
# Visual Studio 2012
# SharpDevelop 5.5
VisualStudioVersion = 12.0.20827.3
MinimumVisualStudioVersion = 10.0.40219.1
Project("{FAE04EC0-301F-11D3-BF4B-00C04F79EFBC}") = "ICSharpCode.MauiDesigner.AddIn", "ICSharpCode.MauiDesigner.AddIn.csproj", "{281647AA-72CD-460D-94C0-6DC204FF19F5}"
EndProject
Global
	GlobalSection(SolutionConfigurationPlatforms) = preSolution
		Debug|Any CPU = Debug|Any CPU
		Release|Any CPU = Release|Any CPU
	EndGlobalSection
	GlobalSection(ProjectConfigurationPlatforms) = postSolution
		{281647AA-72CD-460D-94C0-6DC204FF19F5}.Debug|Any CPU.ActiveCfg = Debug|Any CPU
		{281647AA-72CD-460D-94C0-6DC204FF19F5}.Debug|Any CPU.Build.0 = Debug|Any CPU
		{281647AA-72CD-460D-94C0-6DC204FF19F5}.Release|Any CPU.ActiveCfg = Release|Any CPU
		{281647AA-72CD-460D-94C0-6DC204FF19F5}.Release|Any CPU.Build.0 = Release|Any CPU
	EndGlobalSection
EndGlobal
